
Microsoft Visual Studio Solution File, Format Version 12.00
# Visual Studio Version 16
VisualStudioVersion = 16.0.31005.135
MinimumVisualStudioVersion = 10.0.40219.1
Project("{FAE04EC0-301F-11D3-BF4B-00C04F79EFBC}") = "customer-api", "customer-api.csproj", "{B4A6D5AA-2503-429A-B458-EED345AAE257}"
EndProject
Global
	GlobalSection(SolutionConfigurationPlatforms) = preSolution
		Debug|Any CPU = Debug|Any CPU
		Release|Any CPU = Release|Any CPU
	EndGlobalSection
	GlobalSection(ProjectConfigurationPlatforms) = postSolution
		{B4A6D5AA-2503-429A-B458-EED345AAE257}.Debug|Any CPU.ActiveCfg = Debug|Any CPU
		{B4A6D5AA-2503-429A-B458-EED345AAE257}.Debug|Any CPU.Build.0 = Debug|Any CPU
		{B4A6D5AA-2503-429A-B458-EED345AAE257}.Release|Any CPU.ActiveCfg = Release|Any CPU
		{B4A6D5AA-2503-429A-B458-EED345AAE257}.Release|Any CPU.Build.0 = Release|Any CPU
	EndGlobalSection
	GlobalSection(SolutionProperties) = preSolution
		HideSolutionNode = FALSE
	EndGlobalSection
	GlobalSection(ExtensibilityGlobals) = postSolution
		SolutionGuid = {36FBB6BD-143F-4DCC-8971-DD150C8C470D}
	EndGlobalSection
EndGlobal
